// !$*UTF8*$!
{
	archiveVersion = 1;
	classes = {
	};
	objectVersion = 56;
	objects = {

/* Begin PBXBuildFile section */
		6E3A36022BF2563400ECE78C /* AppDelegate.swift in Sources */ = {isa = PBXBuildFile; fileRef = 6E3A36012BF2563400ECE78C /* AppDelegate.swift */; };
		6E3A36042BF2563400ECE78C /* SceneDelegate.swift in Sources */ = {isa = PBXBuildFile; fileRef = 6E3A36032BF2563400ECE78C /* SceneDelegate.swift */; };
		6E3A36062BF2563400ECE78C /* DiscoverViewController.swift in Sources */ = {isa = PBXBuildFile; fileRef = 6E3A36052BF2563400ECE78C /* DiscoverViewController.swift */; };
		6E3A36092BF2563400ECE78C /* Base in Resources */ = {isa = PBXBuildFile; fileRef = 6E3A36082BF2563400ECE78C /* Base */; };
		6E3A360B2BF2563500ECE78C /* Assets.xcassets in Resources */ = {isa = PBXBuildFile; fileRef = 6E3A360A2BF2563500ECE78C /* Assets.xcassets */; };
		6E3A360E2BF2563500ECE78C /* Base in Resources */ = {isa = PBXBuildFile; fileRef = 6E3A360D2BF2563500ECE78C /* Base */; };
		6E3A36162BF25D8D00ECE78C /* PostProvider.swift in Sources */ = {isa = PBXBuildFile; fileRef = 6E3A36152BF25D8D00ECE78C /* PostProvider.swift */; };
		6E3A36182BF25DA800ECE78C /* Post.swift in Sources */ = {isa = PBXBuildFile; fileRef = 6E3A36172BF25DA800ECE78C /* Post.swift */; };
		6E3A361A2BF25DAC00ECE78C /* User.swift in Sources */ = {isa = PBXBuildFile; fileRef = 6E3A36192BF25DAC00ECE78C /* User.swift */; };
		6E3A361C2BF25F2900ECE78C /* PostOption.swift in Sources */ = {isa = PBXBuildFile; fileRef = 6E3A361B2BF25F2900ECE78C /* PostOption.swift */; };
		6E3A36212BF25FD900ECE78C /* posts.json in Resources */ = {isa = PBXBuildFile; fileRef = 6E3A361F2BF25FD900ECE78C /* posts.json */; };
		B71F73792C121BB2002A596C /* ColorPalette in Frameworks */ = {isa = PBXBuildFile; productRef = B71F73782C121BB2002A596C /* ColorPalette */; };
		B71F737B2C121C50002A596C /* UITableView+Helpers.swift in Sources */ = {isa = PBXBuildFile; fileRef = B71F737A2C121C50002A596C /* UITableView+Helpers.swift */; };
		B71F737D2C121D25002A596C /* GhostStyle.swift in Sources */ = {isa = PBXBuildFile; fileRef = B71F737C2C121D25002A596C /* GhostStyle.swift */; };
		B71F737F2C121D5E002A596C /* GhostLayer.swift in Sources */ = {isa = PBXBuildFile; fileRef = B71F737E2C121D5E002A596C /* GhostLayer.swift */; };
		B71F73812C121DB9002A596C /* GhostTableViewHandler.swift in Sources */ = {isa = PBXBuildFile; fileRef = B71F73802C121DB9002A596C /* GhostTableViewHandler.swift */; };
		B71F73832C121DF4002A596C /* GhostableView.swift in Sources */ = {isa = PBXBuildFile; fileRef = B71F73822C121DF4002A596C /* GhostableView.swift */; };
		B71F73852C121E1B002A596C /* GhostAnimation.swift in Sources */ = {isa = PBXBuildFile; fileRef = B71F73842C121E1B002A596C /* GhostAnimation.swift */; };
		B71F738B2C1222EF002A596C /* PostTableViewCell.swift in Sources */ = {isa = PBXBuildFile; fileRef = B71F73892C1222EF002A596C /* PostTableViewCell.swift */; };
		B71F738C2C1222EF002A596C /* PostTableViewCell.xib in Resources */ = {isa = PBXBuildFile; fileRef = B71F738A2C1222EF002A596C /* PostTableViewCell.xib */; };
		B71F738E2C122C8B002A596C /* Array+Helpers.swift in Sources */ = {isa = PBXBuildFile; fileRef = B71F738D2C122C8B002A596C /* Array+Helpers.swift */; };
		B71F73912C12383A002A596C /* UIFont+Helpers.swift in Sources */ = {isa = PBXBuildFile; fileRef = B71F73902C12383A002A596C /* UIFont+Helpers.swift */; };
		B71F739D2C12399A002A596C /* SFPRODISPLAYBOLD.OTF in Resources */ = {isa = PBXBuildFile; fileRef = B71F73932C12399A002A596C /* SFPRODISPLAYBOLD.OTF */; };
		B71F73A02C12399A002A596C /* SFPRODISPLAYMEDIUM.OTF in Resources */ = {isa = PBXBuildFile; fileRef = B71F73962C12399A002A596C /* SFPRODISPLAYMEDIUM.OTF */; };
		B71F73A12C12399A002A596C /* SFPRODISPLAYREGULAR.OTF in Resources */ = {isa = PBXBuildFile; fileRef = B71F73972C12399A002A596C /* SFPRODISPLAYREGULAR.OTF */; };
		B71F73A62C123BA6002A596C /* UILabel+Helpers.swift in Sources */ = {isa = PBXBuildFile; fileRef = B71F73A52C123BA6002A596C /* UILabel+Helpers.swift */; };
		B71F73AB2C132907002A596C /* NSDate+Helpers.swift in Sources */ = {isa = PBXBuildFile; fileRef = B71F73AA2C132907002A596C /* NSDate+Helpers.swift */; };
		B71F73AD2C132B2A002A596C /* String+Helpers.swift in Sources */ = {isa = PBXBuildFile; fileRef = B71F73AC2C132B2A002A596C /* String+Helpers.swift */; };
		B71F73AF2C133361002A596C /* VoteView.swift in Sources */ = {isa = PBXBuildFile; fileRef = B71F73AE2C133361002A596C /* VoteView.swift */; };
		B7EAB1F12C120EF60088DAA3 /* PostViewModel.swift in Sources */ = {isa = PBXBuildFile; fileRef = B7EAB1F02C120EF60088DAA3 /* PostViewModel.swift */; };
		B7EAB1F42C12130F0088DAA3 /* GhostableViewController.swift in Sources */ = {isa = PBXBuildFile; fileRef = B7EAB1F32C12130F0088DAA3 /* GhostableViewController.swift */; };
		B7EAB1F72C1213420088DAA3 /* GhostTableViewController.swift in Sources */ = {isa = PBXBuildFile; fileRef = B7EAB1F62C1213420088DAA3 /* GhostTableViewController.swift */; };
		B7EAB1F92C1213A20088DAA3 /* GhostOptions.swift in Sources */ = {isa = PBXBuildFile; fileRef = B7EAB1F82C1213A20088DAA3 /* GhostOptions.swift */; };
		B7EAB2002C1215FC0088DAA3 /* UIView+Helpers.swift in Sources */ = {isa = PBXBuildFile; fileRef = B7EAB1FF2C1215FC0088DAA3 /* UIView+Helpers.swift */; };
/* End PBXBuildFile section */

/* Begin PBXFileReference section */
		6E3A35FE2BF2563400ECE78C /* Pollexa.app */ = {isa = PBXFileReference; explicitFileType = wrapper.application; includeInIndex = 0; path = Pollexa.app; sourceTree = BUILT_PRODUCTS_DIR; };
		6E3A36012BF2563400ECE78C /* AppDelegate.swift */ = {isa = PBXFileReference; lastKnownFileType = sourcecode.swift; path = AppDelegate.swift; sourceTree = "<group>"; };
		6E3A36032BF2563400ECE78C /* SceneDelegate.swift */ = {isa = PBXFileReference; lastKnownFileType = sourcecode.swift; path = SceneDelegate.swift; sourceTree = "<group>"; };
		6E3A36052BF2563400ECE78C /* DiscoverViewController.swift */ = {isa = PBXFileReference; lastKnownFileType = sourcecode.swift; path = DiscoverViewController.swift; sourceTree = "<group>"; };
		6E3A36082BF2563400ECE78C /* Base */ = {isa = PBXFileReference; lastKnownFileType = file.storyboard; name = Base; path = Base.lproj/Main.storyboard; sourceTree = "<group>"; };
		6E3A360A2BF2563500ECE78C /* Assets.xcassets */ = {isa = PBXFileReference; lastKnownFileType = folder.assetcatalog; path = Assets.xcassets; sourceTree = "<group>"; };
		6E3A360D2BF2563500ECE78C /* Base */ = {isa = PBXFileReference; lastKnownFileType = file.storyboard; name = Base; path = Base.lproj/LaunchScreen.storyboard; sourceTree = "<group>"; };
		6E3A360F2BF2563500ECE78C /* Info.plist */ = {isa = PBXFileReference; lastKnownFileType = text.plist.xml; path = Info.plist; sourceTree = "<group>"; };
		6E3A36152BF25D8D00ECE78C /* PostProvider.swift */ = {isa = PBXFileReference; lastKnownFileType = sourcecode.swift; path = PostProvider.swift; sourceTree = "<group>"; };
		6E3A36172BF25DA800ECE78C /* Post.swift */ = {isa = PBXFileReference; lastKnownFileType = sourcecode.swift; path = Post.swift; sourceTree = "<group>"; };
		6E3A36192BF25DAC00ECE78C /* User.swift */ = {isa = PBXFileReference; lastKnownFileType = sourcecode.swift; path = User.swift; sourceTree = "<group>"; };
		6E3A361B2BF25F2900ECE78C /* PostOption.swift */ = {isa = PBXFileReference; lastKnownFileType = sourcecode.swift; path = PostOption.swift; sourceTree = "<group>"; };
		6E3A36202BF25FD900ECE78C /* en */ = {isa = PBXFileReference; lastKnownFileType = text.json; name = en; path = en.lproj/posts.json; sourceTree = "<group>"; };
		B71F73772C121B92002A596C /* ColorPalette */ = {isa = PBXFileReference; lastKnownFileType = wrapper; path = ColorPalette; sourceTree = "<group>"; };
		B71F737A2C121C50002A596C /* UITableView+Helpers.swift */ = {isa = PBXFileReference; lastKnownFileType = sourcecode.swift; path = "UITableView+Helpers.swift"; sourceTree = "<group>"; };
		B71F737C2C121D25002A596C /* GhostStyle.swift */ = {isa = PBXFileReference; lastKnownFileType = sourcecode.swift; path = GhostStyle.swift; sourceTree = "<group>"; };
		B71F737E2C121D5E002A596C /* GhostLayer.swift */ = {isa = PBXFileReference; lastKnownFileType = sourcecode.swift; path = GhostLayer.swift; sourceTree = "<group>"; };
		B71F73802C121DB9002A596C /* GhostTableViewHandler.swift */ = {isa = PBXFileReference; lastKnownFileType = sourcecode.swift; path = GhostTableViewHandler.swift; sourceTree = "<group>"; };
		B71F73822C121DF4002A596C /* GhostableView.swift */ = {isa = PBXFileReference; lastKnownFileType = sourcecode.swift; path = GhostableView.swift; sourceTree = "<group>"; };
		B71F73842C121E1B002A596C /* GhostAnimation.swift */ = {isa = PBXFileReference; lastKnownFileType = sourcecode.swift; path = GhostAnimation.swift; sourceTree = "<group>"; };
		B71F73892C1222EF002A596C /* PostTableViewCell.swift */ = {isa = PBXFileReference; lastKnownFileType = sourcecode.swift; path = PostTableViewCell.swift; sourceTree = "<group>"; };
		B71F738A2C1222EF002A596C /* PostTableViewCell.xib */ = {isa = PBXFileReference; lastKnownFileType = file.xib; path = PostTableViewCell.xib; sourceTree = "<group>"; };
		B71F738D2C122C8B002A596C /* Array+Helpers.swift */ = {isa = PBXFileReference; lastKnownFileType = sourcecode.swift; path = "Array+Helpers.swift"; sourceTree = "<group>"; };
		B71F73902C12383A002A596C /* UIFont+Helpers.swift */ = {isa = PBXFileReference; lastKnownFileType = sourcecode.swift; path = "UIFont+Helpers.swift"; sourceTree = "<group>"; };
		B71F73932C12399A002A596C /* SFPRODISPLAYBOLD.OTF */ = {isa = PBXFileReference; lastKnownFileType = file; path = SFPRODISPLAYBOLD.OTF; sourceTree = "<group>"; };
		B71F73962C12399A002A596C /* SFPRODISPLAYMEDIUM.OTF */ = {isa = PBXFileReference; lastKnownFileType = file; path = SFPRODISPLAYMEDIUM.OTF; sourceTree = "<group>"; };
		B71F73972C12399A002A596C /* SFPRODISPLAYREGULAR.OTF */ = {isa = PBXFileReference; lastKnownFileType = file; path = SFPRODISPLAYREGULAR.OTF; sourceTree = "<group>"; };
		B71F73A52C123BA6002A596C /* UILabel+Helpers.swift */ = {isa = PBXFileReference; lastKnownFileType = sourcecode.swift; path = "UILabel+Helpers.swift"; sourceTree = "<group>"; };
		B71F73AA2C132907002A596C /* NSDate+Helpers.swift */ = {isa = PBXFileReference; lastKnownFileType = sourcecode.swift; path = "NSDate+Helpers.swift"; sourceTree = "<group>"; };
		B71F73AC2C132B2A002A596C /* String+Helpers.swift */ = {isa = PBXFileReference; lastKnownFileType = sourcecode.swift; path = "String+Helpers.swift"; sourceTree = "<group>"; };
		B71F73AE2C133361002A596C /* VoteView.swift */ = {isa = PBXFileReference; lastKnownFileType = sourcecode.swift; path = VoteView.swift; sourceTree = "<group>"; };
		B7EAB1F02C120EF60088DAA3 /* PostViewModel.swift */ = {isa = PBXFileReference; lastKnownFileType = sourcecode.swift; path = PostViewModel.swift; sourceTree = "<group>"; };
		B7EAB1F32C12130F0088DAA3 /* GhostableViewController.swift */ = {isa = PBXFileReference; lastKnownFileType = sourcecode.swift; path = GhostableViewController.swift; sourceTree = "<group>"; };
		B7EAB1F62C1213420088DAA3 /* GhostTableViewController.swift */ = {isa = PBXFileReference; lastKnownFileType = sourcecode.swift; path = GhostTableViewController.swift; sourceTree = "<group>"; };
		B7EAB1F82C1213A20088DAA3 /* GhostOptions.swift */ = {isa = PBXFileReference; lastKnownFileType = sourcecode.swift; path = GhostOptions.swift; sourceTree = "<group>"; };
		B7EAB1FF2C1215FC0088DAA3 /* UIView+Helpers.swift */ = {isa = PBXFileReference; lastKnownFileType = sourcecode.swift; path = "UIView+Helpers.swift"; sourceTree = "<group>"; };
/* End PBXFileReference section */

/* Begin PBXFrameworksBuildPhase section */
		6E3A35FB2BF2563400ECE78C /* Frameworks */ = {
			isa = PBXFrameworksBuildPhase;
			buildActionMask = 2147483647;
			files = (
				B71F73792C121BB2002A596C /* ColorPalette in Frameworks */,
			);
			runOnlyForDeploymentPostprocessing = 0;
		};
/* End PBXFrameworksBuildPhase section */

/* Begin PBXGroup section */
		6E3A35F52BF2563400ECE78C = {
			isa = PBXGroup;
			children = (
				6E3A36002BF2563400ECE78C /* Pollexa */,
				6E3A35FF2BF2563400ECE78C /* Products */,
				B7EAB1FB2C1215560088DAA3 /* Frameworks */,
			);
			sourceTree = "<group>";
		};
		6E3A35FF2BF2563400ECE78C /* Products */ = {
			isa = PBXGroup;
			children = (
				6E3A35FE2BF2563400ECE78C /* Pollexa.app */,
			);
			name = Products;
			sourceTree = "<group>";
		};
		6E3A36002BF2563400ECE78C /* Pollexa */ = {
			isa = PBXGroup;
			children = (
				B71F73742C1219E6002A596C /* Packages */,
				B7EAB1FE2C1215EC0088DAA3 /* Extensions */,
				6E3A36242BF2601100ECE78C /* UI Modules */,
				6E3A361D2BF25F3B00ECE78C /* Models */,
				6E3A36222BF25FFC00ECE78C /* Helpers */,
				6E3A361E2BF25FC900ECE78C /* Resources */,
				6E3A36232BF2600700ECE78C /* Utilities */,
			);
			path = Pollexa;
			sourceTree = "<group>";
		};
		6E3A361D2BF25F3B00ECE78C /* Models */ = {
			isa = PBXGroup;
			children = (
				6E3A36172BF25DA800ECE78C /* Post.swift */,
				6E3A36192BF25DAC00ECE78C /* User.swift */,
				6E3A361B2BF25F2900ECE78C /* PostOption.swift */,
			);
			path = Models;
			sourceTree = "<group>";
		};
		6E3A361E2BF25FC900ECE78C /* Resources */ = {
			isa = PBXGroup;
			children = (
				B71F738F2C12378B002A596C /* Fonts */,
				6E3A36072BF2563400ECE78C /* Main.storyboard */,
				6E3A360A2BF2563500ECE78C /* Assets.xcassets */,
				6E3A361F2BF25FD900ECE78C /* posts.json */,
				6E3A360F2BF2563500ECE78C /* Info.plist */,
			);
			path = Resources;
			sourceTree = "<group>";
		};
		6E3A36222BF25FFC00ECE78C /* Helpers */ = {
			isa = PBXGroup;
			children = (
				6E3A36152BF25D8D00ECE78C /* PostProvider.swift */,
			);
			path = Helpers;
			sourceTree = "<group>";
		};
		6E3A36232BF2600700ECE78C /* Utilities */ = {
			isa = PBXGroup;
			children = (
				6E3A36012BF2563400ECE78C /* AppDelegate.swift */,
				6E3A36032BF2563400ECE78C /* SceneDelegate.swift */,
			);
			path = Utilities;
			sourceTree = "<group>";
		};
		6E3A36242BF2601100ECE78C /* UI Modules */ = {
			isa = PBXGroup;
			children = (
				B7EAB1F22C1213070088DAA3 /* ResusableViews */,
				6E3A36252BF2602100ECE78C /* Discover */,
				6E3A36272BF2603300ECE78C /* Launch */,
			);
			path = "UI Modules";
			sourceTree = "<group>";
		};
		6E3A36252BF2602100ECE78C /* Discover */ = {
			isa = PBXGroup;
			children = (
				B71F73872C1222BE002A596C /* ViewModel */,
				B71F73862C1222B2002A596C /* View */,
			);
			path = Discover;
			sourceTree = "<group>";
		};
		6E3A36272BF2603300ECE78C /* Launch */ = {
			isa = PBXGroup;
			children = (
				6E3A360C2BF2563500ECE78C /* LaunchScreen.storyboard */,
			);
			path = Launch;
			sourceTree = "<group>";
		};
		B71F73742C1219E6002A596C /* Packages */ = {
			isa = PBXGroup;
			children = (
				B71F73772C121B92002A596C /* ColorPalette */,
			);
			path = Packages;
			sourceTree = "<group>";
		};
		B71F73862C1222B2002A596C /* View */ = {
			isa = PBXGroup;
			children = (
				B71F73A72C1260DA002A596C /* Components */,
				B7D1CA732C137E0700A423A2 /* Scene */,
				B71F73882C1222D9002A596C /* Cells */,
			);
			path = View;
			sourceTree = "<group>";
		};
		B71F73872C1222BE002A596C /* ViewModel */ = {
			isa = PBXGroup;
			children = (
				B7EAB1F02C120EF60088DAA3 /* PostViewModel.swift */,
			);
			path = ViewModel;
			sourceTree = "<group>";
		};
		B71F73882C1222D9002A596C /* Cells */ = {
			isa = PBXGroup;
			children = (
				B71F73892C1222EF002A596C /* PostTableViewCell.swift */,
				B71F738A2C1222EF002A596C /* PostTableViewCell.xib */,
			);
			path = Cells;
			sourceTree = "<group>";
		};
		B71F738F2C12378B002A596C /* Fonts */ = {
			isa = PBXGroup;
			children = (
				B71F739B2C12399A002A596C /* sf-pro-display-cufonfonts */,
			);
			path = Fonts;
			sourceTree = "<group>";
		};
		B71F739B2C12399A002A596C /* sf-pro-display-cufonfonts */ = {
			isa = PBXGroup;
			children = (
				B71F73932C12399A002A596C /* SFPRODISPLAYBOLD.OTF */,
				B71F73962C12399A002A596C /* SFPRODISPLAYMEDIUM.OTF */,
				B71F73972C12399A002A596C /* SFPRODISPLAYREGULAR.OTF */,
			);
			path = "sf-pro-display-cufonfonts";
			sourceTree = "<group>";
		};
		B71F73A72C1260DA002A596C /* Components */ = {
			isa = PBXGroup;
			children = (
				B71F73AE2C133361002A596C /* VoteView.swift */,
			);
			path = Components;
			sourceTree = "<group>";
		};
		B7D1CA732C137E0700A423A2 /* Scene */ = {
			isa = PBXGroup;
			children = (
				6E3A36052BF2563400ECE78C /* DiscoverViewController.swift */,
			);
			path = Scene;
			sourceTree = "<group>";
		};
		B7EAB1F22C1213070088DAA3 /* ResusableViews */ = {
			isa = PBXGroup;
			children = (
				B7EAB1F52C1213310088DAA3 /* Ghostable */,
			);
			path = ResusableViews;
			sourceTree = "<group>";
		};
		B7EAB1F52C1213310088DAA3 /* Ghostable */ = {
			isa = PBXGroup;
			children = (
				B7EAB1F32C12130F0088DAA3 /* GhostableViewController.swift */,
				B7EAB1F62C1213420088DAA3 /* GhostTableViewController.swift */,
				B7EAB1F82C1213A20088DAA3 /* GhostOptions.swift */,
				B71F737C2C121D25002A596C /* GhostStyle.swift */,
				B71F737E2C121D5E002A596C /* GhostLayer.swift */,
				B71F73802C121DB9002A596C /* GhostTableViewHandler.swift */,
				B71F73822C121DF4002A596C /* GhostableView.swift */,
				B71F73842C121E1B002A596C /* GhostAnimation.swift */,
			);
			path = Ghostable;
			sourceTree = "<group>";
		};
		B7EAB1FB2C1215560088DAA3 /* Frameworks */ = {
			isa = PBXGroup;
			children = (
			);
			name = Frameworks;
			sourceTree = "<group>";
		};
		B7EAB1FE2C1215EC0088DAA3 /* Extensions */ = {
			isa = PBXGroup;
			children = (
				B7EAB1FF2C1215FC0088DAA3 /* UIView+Helpers.swift */,
				B71F737A2C121C50002A596C /* UITableView+Helpers.swift */,
				B71F738D2C122C8B002A596C /* Array+Helpers.swift */,
				B71F73902C12383A002A596C /* UIFont+Helpers.swift */,
				B71F73A52C123BA6002A596C /* UILabel+Helpers.swift */,
				B71F73AA2C132907002A596C /* NSDate+Helpers.swift */,
				B71F73AC2C132B2A002A596C /* String+Helpers.swift */,
			);
			path = Extensions;
			sourceTree = "<group>";
		};
/* End PBXGroup section */

/* Begin PBXNativeTarget section */
		6E3A35FD2BF2563400ECE78C /* Pollexa */ = {
			isa = PBXNativeTarget;
			buildConfigurationList = 6E3A36122BF2563500ECE78C /* Build configuration list for PBXNativeTarget "Pollexa" */;
			buildPhases = (
				6E3A35FA2BF2563400ECE78C /* Sources */,
				6E3A35FB2BF2563400ECE78C /* Frameworks */,
				6E3A35FC2BF2563400ECE78C /* Resources */,
			);
			buildRules = (
			);
			dependencies = (
			);
			name = Pollexa;
			packageProductDependencies = (
				B71F73782C121BB2002A596C /* ColorPalette */,
			);
			productName = Pollexa;
			productReference = 6E3A35FE2BF2563400ECE78C /* Pollexa.app */;
			productType = "com.apple.product-type.application";
		};
/* End PBXNativeTarget section */

/* Begin PBXProject section */
		6E3A35F62BF2563400ECE78C /* Project object */ = {
			isa = PBXProject;
			attributes = {
				BuildIndependentTargetsInParallel = 1;
				LastSwiftUpdateCheck = 1530;
				LastUpgradeCheck = 1530;
				TargetAttributes = {
					6E3A35FD2BF2563400ECE78C = {
						CreatedOnToolsVersion = 15.3;
					};
				};
			};
			buildConfigurationList = 6E3A35F92BF2563400ECE78C /* Build configuration list for PBXProject "Pollexa" */;
			compatibilityVersion = "Xcode 14.0";
			developmentRegion = en;
			hasScannedForEncodings = 0;
			knownRegions = (
				en,
				Base,
			);
			mainGroup = 6E3A35F52BF2563400ECE78C;
			productRefGroup = 6E3A35FF2BF2563400ECE78C /* Products */;
			projectDirPath = "";
			projectRoot = "";
			targets = (
				6E3A35FD2BF2563400ECE78C /* Pollexa */,
			);
		};
/* End PBXProject section */

/* Begin PBXResourcesBuildPhase section */
		6E3A35FC2BF2563400ECE78C /* Resources */ = {
			isa = PBXResourcesBuildPhase;
			buildActionMask = 2147483647;
			files = (
				B71F73A12C12399A002A596C /* SFPRODISPLAYREGULAR.OTF in Resources */,
				B71F73A02C12399A002A596C /* SFPRODISPLAYMEDIUM.OTF in Resources */,
				6E3A360B2BF2563500ECE78C /* Assets.xcassets in Resources */,
				B71F738C2C1222EF002A596C /* PostTableViewCell.xib in Resources */,
				6E3A360E2BF2563500ECE78C /* Base in Resources */,
				6E3A36212BF25FD900ECE78C /* posts.json in Resources */,
				B71F739D2C12399A002A596C /* SFPRODISPLAYBOLD.OTF in Resources */,
				6E3A36092BF2563400ECE78C /* Base in Resources */,
			);
			runOnlyForDeploymentPostprocessing = 0;
		};
/* End PBXResourcesBuildPhase section */

/* Begin PBXSourcesBuildPhase section */
		6E3A35FA2BF2563400ECE78C /* Sources */ = {
			isa = PBXSourcesBuildPhase;
			buildActionMask = 2147483647;
			files = (
				B7EAB1F12C120EF60088DAA3 /* PostViewModel.swift in Sources */,
				B7EAB1F92C1213A20088DAA3 /* GhostOptions.swift in Sources */,
				6E3A36062BF2563400ECE78C /* DiscoverViewController.swift in Sources */,
				B71F73AF2C133361002A596C /* VoteView.swift in Sources */,
				6E3A36022BF2563400ECE78C /* AppDelegate.swift in Sources */,
				B71F73A62C123BA6002A596C /* UILabel+Helpers.swift in Sources */,
				B71F737F2C121D5E002A596C /* GhostLayer.swift in Sources */,
				B71F738B2C1222EF002A596C /* PostTableViewCell.swift in Sources */,
				6E3A361A2BF25DAC00ECE78C /* User.swift in Sources */,
				6E3A36162BF25D8D00ECE78C /* PostProvider.swift in Sources */,
				B7EAB1F72C1213420088DAA3 /* GhostTableViewController.swift in Sources */,
				6E3A361C2BF25F2900ECE78C /* PostOption.swift in Sources */,
				6E3A36042BF2563400ECE78C /* SceneDelegate.swift in Sources */,
				B71F73852C121E1B002A596C /* GhostAnimation.swift in Sources */,
				B71F73912C12383A002A596C /* UIFont+Helpers.swift in Sources */,
				B71F737D2C121D25002A596C /* GhostStyle.swift in Sources */,
				B7EAB1F42C12130F0088DAA3 /* GhostableViewController.swift in Sources */,
				B71F73AB2C132907002A596C /* NSDate+Helpers.swift in Sources */,
				B71F73812C121DB9002A596C /* GhostTableViewHandler.swift in Sources */,
				B71F738E2C122C8B002A596C /* Array+Helpers.swift in Sources */,
				B7EAB2002C1215FC0088DAA3 /* UIView+Helpers.swift in Sources */,
				B71F73AD2C132B2A002A596C /* String+Helpers.swift in Sources */,
				B71F737B2C121C50002A596C /* UITableView+Helpers.swift in Sources */,
				6E3A36182BF25DA800ECE78C /* Post.swift in Sources */,
				B71F73832C121DF4002A596C /* GhostableView.swift in Sources */,
			);
			runOnlyForDeploymentPostprocessing = 0;
		};
/* End PBXSourcesBuildPhase section */

/* Begin PBXVariantGroup section */
		6E3A36072BF2563400ECE78C /* Main.storyboard */ = {
			isa = PBXVariantGroup;
			children = (
				6E3A36082BF2563400ECE78C /* Base */,
			);
			name = Main.storyboard;
			sourceTree = "<group>";
		};
		6E3A360C2BF2563500ECE78C /* LaunchScreen.storyboard */ = {
			isa = PBXVariantGroup;
			children = (
				6E3A360D2BF2563500ECE78C /* Base */,
			);
			name = LaunchScreen.storyboard;
			sourceTree = "<group>";
		};
		6E3A361F2BF25FD900ECE78C /* posts.json */ = {
			isa = PBXVariantGroup;
			children = (
				6E3A36202BF25FD900ECE78C /* en */,
			);
			name = posts.json;
			sourceTree = "<group>";
		};
/* End PBXVariantGroup section */

/* Begin XCBuildConfiguration section */
		6E3A36102BF2563500ECE78C /* Debug */ = {
			isa = XCBuildConfiguration;
			buildSettings = {
				ALWAYS_SEARCH_USER_PATHS = NO;
				ASSETCATALOG_COMPILER_GENERATE_SWIFT_ASSET_SYMBOL_EXTENSIONS = YES;
				CLANG_ANALYZER_NONNULL = YES;
				CLANG_ANALYZER_NUMBER_OBJECT_CONVERSION = YES_AGGRESSIVE;
				CLANG_CXX_LANGUAGE_STANDARD = "gnu++20";
				CLANG_ENABLE_MODULES = YES;
				CLANG_ENABLE_OBJC_ARC = YES;
				CLANG_ENABLE_OBJC_WEAK = YES;
				CLANG_WARN_BLOCK_CAPTURE_AUTORELEASING = YES;
				CLANG_WARN_BOOL_CONVERSION = YES;
				CLANG_WARN_COMMA = YES;
				CLANG_WARN_CONSTANT_CONVERSION = YES;
				CLANG_WARN_DEPRECATED_OBJC_IMPLEMENTATIONS = YES;
				CLANG_WARN_DIRECT_OBJC_ISA_USAGE = YES_ERROR;
				CLANG_WARN_DOCUMENTATION_COMMENTS = YES;
				CLANG_WARN_EMPTY_BODY = YES;
				CLANG_WARN_ENUM_CONVERSION = YES;
				CLANG_WARN_INFINITE_RECURSION = YES;
				CLANG_WARN_INT_CONVERSION = YES;
				CLANG_WARN_NON_LITERAL_NULL_CONVERSION = YES;
				CLANG_WARN_OBJC_IMPLICIT_RETAIN_SELF = YES;
				CLANG_WARN_OBJC_LITERAL_CONVERSION = YES;
				CLANG_WARN_OBJC_ROOT_CLASS = YES_ERROR;
				CLANG_WARN_QUOTED_INCLUDE_IN_FRAMEWORK_HEADER = YES;
				CLANG_WARN_RANGE_LOOP_ANALYSIS = YES;
				CLANG_WARN_STRICT_PROTOTYPES = YES;
				CLANG_WARN_SUSPICIOUS_MOVE = YES;
				CLANG_WARN_UNGUARDED_AVAILABILITY = YES_AGGRESSIVE;
				CLANG_WARN_UNREACHABLE_CODE = YES;
				CLANG_WARN__DUPLICATE_METHOD_MATCH = YES;
				COPY_PHASE_STRIP = NO;
				DEBUG_INFORMATION_FORMAT = dwarf;
				ENABLE_STRICT_OBJC_MSGSEND = YES;
				ENABLE_TESTABILITY = YES;
				ENABLE_USER_SCRIPT_SANDBOXING = YES;
				GCC_C_LANGUAGE_STANDARD = gnu17;
				GCC_DYNAMIC_NO_PIC = NO;
				GCC_NO_COMMON_BLOCKS = YES;
				GCC_OPTIMIZATION_LEVEL = 0;
				GCC_PREPROCESSOR_DEFINITIONS = (
					"DEBUG=1",
					"$(inherited)",
				);
				GCC_WARN_64_TO_32_BIT_CONVERSION = YES;
				GCC_WARN_ABOUT_RETURN_TYPE = YES_ERROR;
				GCC_WARN_UNDECLARED_SELECTOR = YES;
				GCC_WARN_UNINITIALIZED_AUTOS = YES_AGGRESSIVE;
				GCC_WARN_UNUSED_FUNCTION = YES;
				GCC_WARN_UNUSED_VARIABLE = YES;
				IPHONEOS_DEPLOYMENT_TARGET = 15.0;
				LOCALIZATION_PREFERS_STRING_CATALOGS = YES;
				MTL_ENABLE_DEBUG_INFO = INCLUDE_SOURCE;
				MTL_FAST_MATH = YES;
				ONLY_ACTIVE_ARCH = YES;
				SDKROOT = iphoneos;
				SWIFT_ACTIVE_COMPILATION_CONDITIONS = "DEBUG $(inherited)";
				SWIFT_OPTIMIZATION_LEVEL = "-Onone";
			};
			name = Debug;
		};
		6E3A36112BF2563500ECE78C /* Release */ = {
			isa = XCBuildConfiguration;
			buildSettings = {
				ALWAYS_SEARCH_USER_PATHS = NO;
				ASSETCATALOG_COMPILER_GENERATE_SWIFT_ASSET_SYMBOL_EXTENSIONS = YES;
				CLANG_ANALYZER_NONNULL = YES;
				CLANG_ANALYZER_NUMBER_OBJECT_CONVERSION = YES_AGGRESSIVE;
				CLANG_CXX_LANGUAGE_STANDARD = "gnu++20";
				CLANG_ENABLE_MODULES = YES;
				CLANG_ENABLE_OBJC_ARC = YES;
				CLANG_ENABLE_OBJC_WEAK = YES;
				CLANG_WARN_BLOCK_CAPTURE_AUTORELEASING = YES;
				CLANG_WARN_BOOL_CONVERSION = YES;
				CLANG_WARN_COMMA = YES;
				CLANG_WARN_CONSTANT_CONVERSION = YES;
				CLANG_WARN_DEPRECATED_OBJC_IMPLEMENTATIONS = YES;
				CLANG_WARN_DIRECT_OBJC_ISA_USAGE = YES_ERROR;
				CLANG_WARN_DOCUMENTATION_COMMENTS = YES;
				CLANG_WARN_EMPTY_BODY = YES;
				CLANG_WARN_ENUM_CONVERSION = YES;
				CLANG_WARN_INFINITE_RECURSION = YES;
				CLANG_WARN_INT_CONVERSION = YES;
				CLANG_WARN_NON_LITERAL_NULL_CONVERSION = YES;
				CLANG_WARN_OBJC_IMPLICIT_RETAIN_SELF = YES;
				CLANG_WARN_OBJC_LITERAL_CONVERSION = YES;
				CLANG_WARN_OBJC_ROOT_CLASS = YES_ERROR;
				CLANG_WARN_QUOTED_INCLUDE_IN_FRAMEWORK_HEADER = YES;
				CLANG_WARN_RANGE_LOOP_ANALYSIS = YES;
				CLANG_WARN_STRICT_PROTOTYPES = YES;
				CLANG_WARN_SUSPICIOUS_MOVE = YES;
				CLANG_WARN_UNGUARDED_AVAILABILITY = YES_AGGRESSIVE;
				CLANG_WARN_UNREACHABLE_CODE = YES;
				CLANG_WARN__DUPLICATE_METHOD_MATCH = YES;
				COPY_PHASE_STRIP = NO;
				DEBUG_INFORMATION_FORMAT = "dwarf-with-dsym";
				ENABLE_NS_ASSERTIONS = NO;
				ENABLE_STRICT_OBJC_MSGSEND = YES;
				ENABLE_USER_SCRIPT_SANDBOXING = YES;
				GCC_C_LANGUAGE_STANDARD = gnu17;
				GCC_NO_COMMON_BLOCKS = YES;
				GCC_WARN_64_TO_32_BIT_CONVERSION = YES;
				GCC_WARN_ABOUT_RETURN_TYPE = YES_ERROR;
				GCC_WARN_UNDECLARED_SELECTOR = YES;
				GCC_WARN_UNINITIALIZED_AUTOS = YES_AGGRESSIVE;
				GCC_WARN_UNUSED_FUNCTION = YES;
				GCC_WARN_UNUSED_VARIABLE = YES;
				IPHONEOS_DEPLOYMENT_TARGET = 15.0;
				LOCALIZATION_PREFERS_STRING_CATALOGS = YES;
				MTL_ENABLE_DEBUG_INFO = NO;
				MTL_FAST_MATH = YES;
				SDKROOT = iphoneos;
				SWIFT_COMPILATION_MODE = wholemodule;
				VALIDATE_PRODUCT = YES;
			};
			name = Release;
		};
		6E3A36132BF2563500ECE78C /* Debug */ = {
			isa = XCBuildConfiguration;
			buildSettings = {
				ASSETCATALOG_COMPILER_APPICON_NAME = AppIcon;
				ASSETCATALOG_COMPILER_GLOBAL_ACCENT_COLOR_NAME = AccentColor;
				CODE_SIGN_STYLE = Automatic;
				CURRENT_PROJECT_VERSION = 1;
				GENERATE_INFOPLIST_FILE = YES;
				INFOPLIST_FILE = Pollexa/Resources/Info.plist;
				INFOPLIST_KEY_UIApplicationSupportsIndirectInputEvents = YES;
				INFOPLIST_KEY_UILaunchStoryboardName = LaunchScreen;
				INFOPLIST_KEY_UIMainStoryboardFile = Main;
				INFOPLIST_KEY_UISupportedInterfaceOrientations_iPad = "UIInterfaceOrientationPortrait UIInterfaceOrientationPortraitUpsideDown UIInterfaceOrientationLandscapeLeft UIInterfaceOrientationLandscapeRight";
				INFOPLIST_KEY_UISupportedInterfaceOrientations_iPhone = "UIInterfaceOrientationPortrait UIInterfaceOrientationLandscapeLeft UIInterfaceOrientationLandscapeRight";
				IPHONEOS_DEPLOYMENT_TARGET = 16.0;
				LD_RUNPATH_SEARCH_PATHS = (
					"$(inherited)",
					"@executable_path/Frameworks",
				);
				MARKETING_VERSION = 1.0;
				PRODUCT_BUNDLE_IDENTIFIER = co.sevenapps.Pollexa;
				PRODUCT_NAME = "$(TARGET_NAME)";
				SWIFT_EMIT_LOC_STRINGS = YES;
				SWIFT_VERSION = 5.0;
				TARGETED_DEVICE_FAMILY = "1,2";
			};
			name = Debug;
		};
		6E3A36142BF2563500ECE78C /* Release */ = {
			isa = XCBuildConfiguration;
			buildSettings = {
				ASSETCATALOG_COMPILER_APPICON_NAME = AppIcon;
				ASSETCATALOG_COMPILER_GLOBAL_ACCENT_COLOR_NAME = AccentColor;
				CODE_SIGN_STYLE = Automatic;
				CURRENT_PROJECT_VERSION = 1;
				GENERATE_INFOPLIST_FILE = YES;
				INFOPLIST_FILE = Pollexa/Resources/Info.plist;
				INFOPLIST_KEY_UIApplicationSupportsIndirectInputEvents = YES;
				INFOPLIST_KEY_UILaunchStoryboardName = LaunchScreen;
				INFOPLIST_KEY_UIMainStoryboardFile = Main;
				INFOPLIST_KEY_UISupportedInterfaceOrientations_iPad = "UIInterfaceOrientationPortrait UIInterfaceOrientationPortraitUpsideDown UIInterfaceOrientationLandscapeLeft UIInterfaceOrientationLandscapeRight";
				INFOPLIST_KEY_UISupportedInterfaceOrientations_iPhone = "UIInterfaceOrientationPortrait UIInterfaceOrientationLandscapeLeft UIInterfaceOrientationLandscapeRight";
				IPHONEOS_DEPLOYMENT_TARGET = 16.0;
				LD_RUNPATH_SEARCH_PATHS = (
					"$(inherited)",
					"@executable_path/Frameworks",
				);
				MARKETING_VERSION = 1.0;
				PRODUCT_BUNDLE_IDENTIFIER = co.sevenapps.Pollexa;
				PRODUCT_NAME = "$(TARGET_NAME)";
				SWIFT_EMIT_LOC_STRINGS = YES;
				SWIFT_VERSION = 5.0;
				TARGETED_DEVICE_FAMILY = "1,2";
			};
			name = Release;
		};
/* End XCBuildConfiguration section */

/* Begin XCConfigurationList section */
		6E3A35F92BF2563400ECE78C /* Build configuration list for PBXProject "Pollexa" */ = {
			isa = XCConfigurationList;
			buildConfigurations = (
				6E3A36102BF2563500ECE78C /* Debug */,
				6E3A36112BF2563500ECE78C /* Release */,
			);
			defaultConfigurationIsVisible = 0;
			defaultConfigurationName = Release;
		};
		6E3A36122BF2563500ECE78C /* Build configuration list for PBXNativeTarget "Pollexa" */ = {
			isa = XCConfigurationList;
			buildConfigurations = (
				6E3A36132BF2563500ECE78C /* Debug */,
				6E3A36142BF2563500ECE78C /* Release */,
			);
			defaultConfigurationIsVisible = 0;
			defaultConfigurationName = Release;
		};
/* End XCConfigurationList section */

/* Begin XCSwiftPackageProductDependency section */
		B71F73782C121BB2002A596C /* ColorPalette */ = {
			isa = XCSwiftPackageProductDependency;
			productName = ColorPalette;
		};
/* End XCSwiftPackageProductDependency section */
	};
	rootObject = 6E3A35F62BF2563400ECE78C /* Project object */;
}
