// !$*UTF8*$!
{
	archiveVersion = 1;
	classes = {
	};
	objectVersion = 56;
	objects = {

/* Begin PBXBuildFile section */
		6E3A36022BF2563400ECE78C /* AppDelegate.swift in Sources */ = {isa = PBXBuildFile; fileRef = 6E3A36012BF2563400ECE78C /* AppDelegate.swift */; };
		6E3A36042BF2563400ECE78C /* SceneDelegate.swift in Sources */ = {isa = PBXBuildFile; fileRef = 6E3A36032BF2563400ECE78C /* SceneDelegate.swift */; };
		6E3A36062BF2563400ECE78C /* DiscoverViewController.swift in Sources */ = {isa = PBXBuildFile; fileRef = 6E3A36052BF2563400ECE78C /* DiscoverViewController.swift */; };
		6E3A36092BF2563400ECE78C /* Base in Resources */ = {isa = PBXBuildFile; fileRef = 6E3A36082BF2563400ECE78C /* Base */; };
		6E3A360B2BF2563500ECE78C /* Assets.xcassets in Resources */ = {isa = PBXBuildFile; fileRef = 6E3A360A2BF2563500ECE78C /* Assets.xcassets */; };
		6E3A360E2BF2563500ECE78C /* Base in Resources */ = {isa = PBXBuildFile; fileRef = 6E3A360D2BF2563500ECE78C /* Base */; };
		6E3A36162BF25D8D00ECE78C /* PostProvider.swift in Sources */ = {isa = PBXBuildFile; fileRef = 6E3A36152BF25D8D00ECE78C /* PostProvider.swift */; };
		6E3A36182BF25DA800ECE78C /* Post.swift in Sources */ = {isa = PBXBuildFile; fileRef = 6E3A36172BF25DA800ECE78C /* Post.swift */; };
		6E3A361A2BF25DAC00ECE78C /* User.swift in Sources */ = {isa = PBXBuildFile; fileRef = 6E3A36192BF25DAC00ECE78C /* User.swift */; };
		6E3A361C2BF25F2900ECE78C /* PostOption.swift in Sources */ = {isa = PBXBuildFile; fileRef = 6E3A361B2BF25F2900ECE78C /* PostOption.swift */; };
		6E3A36212BF25FD900ECE78C /* posts.json in Resources */ = {isa = PBXBuildFile; fileRef = 6E3A361F2BF25FD900ECE78C /* posts.json */; };
/* End PBXBuildFile section */

/* Begin PBXFileReference section */
		6E3A35FE2BF2563400ECE78C /* Pollexa.app */ = {isa = PBXFileReference; explicitFileType = wrapper.application; includeInIndex = 0; path = Pollexa.app; sourceTree = BUILT_PRODUCTS_DIR; };
		6E3A36012BF2563400ECE78C /* AppDelegate.swift */ = {isa = PBXFileReference; lastKnownFileType = sourcecode.swift; path = AppDelegate.swift; sourceTree = "<group>"; };
		6E3A36032BF2563400ECE78C /* SceneDelegate.swift */ = {isa = PBXFileReference; lastKnownFileType = sourcecode.swift; path = SceneDelegate.swift; sourceTree = "<group>"; };
		6E3A36052BF2563400ECE78C /* DiscoverViewController.swift */ = {isa = PBXFileReference; lastKnownFileType = sourcecode.swift; path = DiscoverViewController.swift; sourceTree = "<group>"; };
		6E3A36082BF2563400ECE78C /* Base */ = {isa = PBXFileReference; lastKnownFileType = file.storyboard; name = Base; path = Base.lproj/Main.storyboard; sourceTree = "<group>"; };
		6E3A360A2BF2563500ECE78C /* Assets.xcassets */ = {isa = PBXFileReference; lastKnownFileType = folder.assetcatalog; path = Assets.xcassets; sourceTree = "<group>"; };
		6E3A360D2BF2563500ECE78C /* Base */ = {isa = PBXFileReference; lastKnownFileType = file.storyboard; name = Base; path = Base.lproj/LaunchScreen.storyboard; sourceTree = "<group>"; };
		6E3A360F2BF2563500ECE78C /* Info.plist */ = {isa = PBXFileReference; lastKnownFileType = text.plist.xml; path = Info.plist; sourceTree = "<group>"; };
		6E3A36152BF25D8D00ECE78C /* PostProvider.swift */ = {isa = PBXFileReference; lastKnownFileType = sourcecode.swift; path = PostProvider.swift; sourceTree = "<group>"; };
		6E3A36172BF25DA800ECE78C /* Post.swift */ = {isa = PBXFileReference; lastKnownFileType = sourcecode.swift; path = Post.swift; sourceTree = "<group>"; };
		6E3A36192BF25DAC00ECE78C /* User.swift */ = {isa = PBXFileReference; lastKnownFileType = sourcecode.swift; path = User.swift; sourceTree = "<group>"; };
		6E3A361B2BF25F2900ECE78C /* PostOption.swift */ = {isa = PBXFileReference; lastKnownFileType = sourcecode.swift; path = PostOption.swift; sourceTree = "<group>"; };
		6E3A36202BF25FD900ECE78C /* en */ = {isa = PBXFileReference; lastKnownFileType = text.json; name = en; path = en.lproj/posts.json; sourceTree = "<group>"; };
/* End PBXFileReference section */

/* Begin PBXFrameworksBuildPhase section */
		6E3A35FB2BF2563400ECE78C /* Frameworks */ = {
			isa = PBXFrameworksBuildPhase;
			buildActionMask = 2147483647;
			files = (
			);
			runOnlyForDeploymentPostprocessing = 0;
		};
/* End PBXFrameworksBuildPhase section */

/* Begin PBXGroup section */
		6E3A35F52BF2563400ECE78C = {
			isa = PBXGroup;
			children = (
				6E3A36002BF2563400ECE78C /* Pollexa */,
				6E3A35FF2BF2563400ECE78C /* Products */,
			);
			sourceTree = "<group>";
		};
		6E3A35FF2BF2563400ECE78C /* Products */ = {
			isa = PBXGroup;
			children = (
				6E3A35FE2BF2563400ECE78C /* Pollexa.app */,
			);
			name = Products;
			sourceTree = "<group>";
		};
		6E3A36002BF2563400ECE78C /* Pollexa */ = {
			isa = PBXGroup;
			children = (
				6E3A36242BF2601100ECE78C /* UI Modules */,
				6E3A36282BF2604800ECE78C /* Views */,
				6E3A361D2BF25F3B00ECE78C /* Models */,
				6E3A36222BF25FFC00ECE78C /* Helpers */,
				6E3A361E2BF25FC900ECE78C /* Resources */,
				6E3A36232BF2600700ECE78C /* Utilities */,
			);
			path = Pollexa;
			sourceTree = "<group>";
		};
		6E3A361D2BF25F3B00ECE78C /* Models */ = {
			isa = PBXGroup;
			children = (
				6E3A36172BF25DA800ECE78C /* Post.swift */,
				6E3A36192BF25DAC00ECE78C /* User.swift */,
				6E3A361B2BF25F2900ECE78C /* PostOption.swift */,
			);
			path = Models;
			sourceTree = "<group>";
		};
		6E3A361E2BF25FC900ECE78C /* Resources */ = {
			isa = PBXGroup;
			children = (
				6E3A360A2BF2563500ECE78C /* Assets.xcassets */,
				6E3A361F2BF25FD900ECE78C /* posts.json */,
				6E3A360F2BF2563500ECE78C /* Info.plist */,
			);
			path = Resources;
			sourceTree = "<group>";
		};
		6E3A36222BF25FFC00ECE78C /* Helpers */ = {
			isa = PBXGroup;
			children = (
				6E3A36152BF25D8D00ECE78C /* PostProvider.swift */,
			);
			path = Helpers;
			sourceTree = "<group>";
		};
		6E3A36232BF2600700ECE78C /* Utilities */ = {
			isa = PBXGroup;
			children = (
				6E3A36012BF2563400ECE78C /* AppDelegate.swift */,
				6E3A36032BF2563400ECE78C /* SceneDelegate.swift */,
			);
			path = Utilities;
			sourceTree = "<group>";
		};
		6E3A36242BF2601100ECE78C /* UI Modules */ = {
			isa = PBXGroup;
			children = (
				6E3A36252BF2602100ECE78C /* Discover */,
				6E3A36272BF2603300ECE78C /* Launch */,
			);
			path = "UI Modules";
			sourceTree = "<group>";
		};
		6E3A36252BF2602100ECE78C /* Discover */ = {
			isa = PBXGroup;
			children = (
				6E3A36262BF2602900ECE78C /* Controllers */,
				6E3A36072BF2563400ECE78C /* Main.storyboard */,
			);
			path = Discover;
			sourceTree = "<group>";
		};
		6E3A36262BF2602900ECE78C /* Controllers */ = {
			isa = PBXGroup;
			children = (
				6E3A36052BF2563400ECE78C /* DiscoverViewController.swift */,
			);
			path = Controllers;
			sourceTree = "<group>";
		};
		6E3A36272BF2603300ECE78C /* Launch */ = {
			isa = PBXGroup;
			children = (
				6E3A360C2BF2563500ECE78C /* LaunchScreen.storyboard */,
			);
			path = Launch;
			sourceTree = "<group>";
		};
		6E3A36282BF2604800ECE78C /* Views */ = {
			isa = PBXGroup;
			children = (
			);
			path = Views;
			sourceTree = "<group>";
		};
/* End PBXGroup section */

/* Begin PBXNativeTarget section */
		6E3A35FD2BF2563400ECE78C /* Pollexa */ = {
			isa = PBXNativeTarget;
			buildConfigurationList = 6E3A36122BF2563500ECE78C /* Build configuration list for PBXNativeTarget "Pollexa" */;
			buildPhases = (
				6E3A35FA2BF2563400ECE78C /* Sources */,
				6E3A35FB2BF2563400ECE78C /* Frameworks */,
				6E3A35FC2BF2563400ECE78C /* Resources */,
			);
			buildRules = (
			);
			dependencies = (
			);
			name = Pollexa;
			productName = Pollexa;
			productReference = 6E3A35FE2BF2563400ECE78C /* Pollexa.app */;
			productType = "com.apple.product-type.application";
		};
/* End PBXNativeTarget section */

/* Begin PBXProject section */
		6E3A35F62BF2563400ECE78C /* Project object */ = {
			isa = PBXProject;
			attributes = {
				BuildIndependentTargetsInParallel = 1;
				LastSwiftUpdateCheck = 1530;
				LastUpgradeCheck = 1530;
				TargetAttributes = {
					6E3A35FD2BF2563400ECE78C = {
						CreatedOnToolsVersion = 15.3;
					};
				};
			};
			buildConfigurationList = 6E3A35F92BF2563400ECE78C /* Build configuration list for PBXProject "Pollexa" */;
			compatibilityVersion = "Xcode 14.0";
			developmentRegion = en;
			hasScannedForEncodings = 0;
			knownRegions = (
				en,
				Base,
			);
			mainGroup = 6E3A35F52BF2563400ECE78C;
			productRefGroup = 6E3A35FF2BF2563400ECE78C /* Products */;
			projectDirPath = "";
			projectRoot = "";
			targets = (
				6E3A35FD2BF2563400ECE78C /* Pollexa */,
			);
		};
/* End PBXProject section */

/* Begin PBXResourcesBuildPhase section */
		6E3A35FC2BF2563400ECE78C /* Resources */ = {
			isa = PBXResourcesBuildPhase;
			buildActionMask = 2147483647;
			files = (
				6E3A360B2BF2563500ECE78C /* Assets.xcassets in Resources */,
				6E3A360E2BF2563500ECE78C /* Base in Resources */,
				6E3A36212BF25FD900ECE78C /* posts.json in Resources */,
				6E3A36092BF2563400ECE78C /* Base in Resources */,
			);
			runOnlyForDeploymentPostprocessing = 0;
		};
/* End PBXResourcesBuildPhase section */

/* Begin PBXSourcesBuildPhase section */
		6E3A35FA2BF2563400ECE78C /* Sources */ = {
			isa = PBXSourcesBuildPhase;
			buildActionMask = 2147483647;
			files = (
				6E3A36062BF2563400ECE78C /* DiscoverViewController.swift in Sources */,
				6E3A36022BF2563400ECE78C /* AppDelegate.swift in Sources */,
				6E3A361A2BF25DAC00ECE78C /* User.swift in Sources */,
				6E3A36162BF25D8D00ECE78C /* PostProvider.swift in Sources */,
				6E3A361C2BF25F2900ECE78C /* PostOption.swift in Sources */,
				6E3A36042BF2563400ECE78C /* SceneDelegate.swift in Sources */,
				6E3A36182BF25DA800ECE78C /* Post.swift in Sources */,
			);
			runOnlyForDeploymentPostprocessing = 0;
		};
/* End PBXSourcesBuildPhase section */

/* Begin PBXVariantGroup section */
		6E3A36072BF2563400ECE78C /* Main.storyboard */ = {
			isa = PBXVariantGroup;
			children = (
				6E3A36082BF2563400ECE78C /* Base */,
			);
			name = Main.storyboard;
			sourceTree = "<group>";
		};
		6E3A360C2BF2563500ECE78C /* LaunchScreen.storyboard */ = {
			isa = PBXVariantGroup;
			children = (
				6E3A360D2BF2563500ECE78C /* Base */,
			);
			name = LaunchScreen.storyboard;
			sourceTree = "<group>";
		};
		6E3A361F2BF25FD900ECE78C /* posts.json */ = {
			isa = PBXVariantGroup;
			children = (
				6E3A36202BF25FD900ECE78C /* en */,
			);
			name = posts.json;
			sourceTree = "<group>";
		};
/* End PBXVariantGroup section */

/* Begin XCBuildConfiguration section */
		6E3A36102BF2563500ECE78C /* Debug */ = {
			isa = XCBuildConfiguration;
			buildSettings = {
				ALWAYS_SEARCH_USER_PATHS = NO;
				ASSETCATALOG_COMPILER_GENERATE_SWIFT_ASSET_SYMBOL_EXTENSIONS = YES;
				CLANG_ANALYZER_NONNULL = YES;
				CLANG_ANALYZER_NUMBER_OBJECT_CONVERSION = YES_AGGRESSIVE;
				CLANG_CXX_LANGUAGE_STANDARD = "gnu++20";
				CLANG_ENABLE_MODULES = YES;
				CLANG_ENABLE_OBJC_ARC = YES;
				CLANG_ENABLE_OBJC_WEAK = YES;
				CLANG_WARN_BLOCK_CAPTURE_AUTORELEASING = YES;
				CLANG_WARN_BOOL_CONVERSION = YES;
				CLANG_WARN_COMMA = YES;
				CLANG_WARN_CONSTANT_CONVERSION = YES;
				CLANG_WARN_DEPRECATED_OBJC_IMPLEMENTATIONS = YES;
				CLANG_WARN_DIRECT_OBJC_ISA_USAGE = YES_ERROR;
				CLANG_WARN_DOCUMENTATION_COMMENTS = YES;
				CLANG_WARN_EMPTY_BODY = YES;
				CLANG_WARN_ENUM_CONVERSION = YES;
				CLANG_WARN_INFINITE_RECURSION = YES;
				CLANG_WARN_INT_CONVERSION = YES;
				CLANG_WARN_NON_LITERAL_NULL_CONVERSION = YES;
				CLANG_WARN_OBJC_IMPLICIT_RETAIN_SELF = YES;
				CLANG_WARN_OBJC_LITERAL_CONVERSION = YES;
				CLANG_WARN_OBJC_ROOT_CLASS = YES_ERROR;
				CLANG_WARN_QUOTED_INCLUDE_IN_FRAMEWORK_HEADER = YES;
				CLANG_WARN_RANGE_LOOP_ANALYSIS = YES;
				CLANG_WARN_STRICT_PROTOTYPES = YES;
				CLANG_WARN_SUSPICIOUS_MOVE = YES;
				CLANG_WARN_UNGUARDED_AVAILABILITY = YES_AGGRESSIVE;
				CLANG_WARN_UNREACHABLE_CODE = YES;
				CLANG_WARN__DUPLICATE_METHOD_MATCH = YES;
				COPY_PHASE_STRIP = NO;
				DEBUG_INFORMATION_FORMAT = dwarf;
				ENABLE_STRICT_OBJC_MSGSEND = YES;
				ENABLE_TESTABILITY = YES;
				ENABLE_USER_SCRIPT_SANDBOXING = YES;
				GCC_C_LANGUAGE_STANDARD = gnu17;
				GCC_DYNAMIC_NO_PIC = NO;
				GCC_NO_COMMON_BLOCKS = YES;
				GCC_OPTIMIZATION_LEVEL = 0;
				GCC_PREPROCESSOR_DEFINITIONS = (
					"DEBUG=1",
					"$(inherited)",
				);
				GCC_WARN_64_TO_32_BIT_CONVERSION = YES;
				GCC_WARN_ABOUT_RETURN_TYPE = YES_ERROR;
				GCC_WARN_UNDECLARED_SELECTOR = YES;
				GCC_WARN_UNINITIALIZED_AUTOS = YES_AGGRESSIVE;
				GCC_WARN_UNUSED_FUNCTION = YES;
				GCC_WARN_UNUSED_VARIABLE = YES;
				IPHONEOS_DEPLOYMENT_TARGET = 15.0;
				LOCALIZATION_PREFERS_STRING_CATALOGS = YES;
				MTL_ENABLE_DEBUG_INFO = INCLUDE_SOURCE;
				MTL_FAST_MATH = YES;
				ONLY_ACTIVE_ARCH = YES;
				SDKROOT = iphoneos;
				SWIFT_ACTIVE_COMPILATION_CONDITIONS = "DEBUG $(inherited)";
				SWIFT_OPTIMIZATION_LEVEL = "-Onone";
			};
			name = Debug;
		};
		6E3A36112BF2563500ECE78C /* Release */ = {
			isa = XCBuildConfiguration;
			buildSettings = {
				ALWAYS_SEARCH_USER_PATHS = NO;
				ASSETCATALOG_COMPILER_GENERATE_SWIFT_ASSET_SYMBOL_EXTENSIONS = YES;
				CLANG_ANALYZER_NONNULL = YES;
				CLANG_ANALYZER_NUMBER_OBJECT_CONVERSION = YES_AGGRESSIVE;
				CLANG_CXX_LANGUAGE_STANDARD = "gnu++20";
				CLANG_ENABLE_MODULES = YES;
				CLANG_ENABLE_OBJC_ARC = YES;
				CLANG_ENABLE_OBJC_WEAK = YES;
				CLANG_WARN_BLOCK_CAPTURE_AUTORELEASING = YES;
				CLANG_WARN_BOOL_CONVERSION = YES;
				CLANG_WARN_COMMA = YES;
				CLANG_WARN_CONSTANT_CONVERSION = YES;
				CLANG_WARN_DEPRECATED_OBJC_IMPLEMENTATIONS = YES;
				CLANG_WARN_DIRECT_OBJC_ISA_USAGE = YES_ERROR;
				CLANG_WARN_DOCUMENTATION_COMMENTS = YES;
				CLANG_WARN_EMPTY_BODY = YES;
				CLANG_WARN_ENUM_CONVERSION = YES;
				CLANG_WARN_INFINITE_RECURSION = YES;
				CLANG_WARN_INT_CONVERSION = YES;
				CLANG_WARN_NON_LITERAL_NULL_CONVERSION = YES;
				CLANG_WARN_OBJC_IMPLICIT_RETAIN_SELF = YES;
				CLANG_WARN_OBJC_LITERAL_CONVERSION = YES;
				CLANG_WARN_OBJC_ROOT_CLASS = YES_ERROR;
				CLANG_WARN_QUOTED_INCLUDE_IN_FRAMEWORK_HEADER = YES;
				CLANG_WARN_RANGE_LOOP_ANALYSIS = YES;
				CLANG_WARN_STRICT_PROTOTYPES = YES;
				CLANG_WARN_SUSPICIOUS_MOVE = YES;
				CLANG_WARN_UNGUARDED_AVAILABILITY = YES_AGGRESSIVE;
				CLANG_WARN_UNREACHABLE_CODE = YES;
				CLANG_WARN__DUPLICATE_METHOD_MATCH = YES;
				COPY_PHASE_STRIP = NO;
				DEBUG_INFORMATION_FORMAT = "dwarf-with-dsym";
				ENABLE_NS_ASSERTIONS = NO;
				ENABLE_STRICT_OBJC_MSGSEND = YES;
				ENABLE_USER_SCRIPT_SANDBOXING = YES;
				GCC_C_LANGUAGE_STANDARD = gnu17;
				GCC_NO_COMMON_BLOCKS = YES;
				GCC_WARN_64_TO_32_BIT_CONVERSION = YES;
				GCC_WARN_ABOUT_RETURN_TYPE = YES_ERROR;
				GCC_WARN_UNDECLARED_SELECTOR = YES;
				GCC_WARN_UNINITIALIZED_AUTOS = YES_AGGRESSIVE;
				GCC_WARN_UNUSED_FUNCTION = YES;
				GCC_WARN_UNUSED_VARIABLE = YES;
				IPHONEOS_DEPLOYMENT_TARGET = 15.0;
				LOCALIZATION_PREFERS_STRING_CATALOGS = YES;
				MTL_ENABLE_DEBUG_INFO = NO;
				MTL_FAST_MATH = YES;
				SDKROOT = iphoneos;
				SWIFT_COMPILATION_MODE = wholemodule;
				VALIDATE_PRODUCT = YES;
			};
			name = Release;
		};
		6E3A36132BF2563500ECE78C /* Debug */ = {
			isa = XCBuildConfiguration;
			buildSettings = {
				ASSETCATALOG_COMPILER_APPICON_NAME = AppIcon;
				ASSETCATALOG_COMPILER_GLOBAL_ACCENT_COLOR_NAME = AccentColor;
				CODE_SIGN_STYLE = Automatic;
				CURRENT_PROJECT_VERSION = 1;
				GENERATE_INFOPLIST_FILE = YES;
				INFOPLIST_FILE = Pollexa/Resources/Info.plist;
				INFOPLIST_KEY_UIApplicationSupportsIndirectInputEvents = YES;
				INFOPLIST_KEY_UILaunchStoryboardName = LaunchScreen;
				INFOPLIST_KEY_UIMainStoryboardFile = Main;
				INFOPLIST_KEY_UISupportedInterfaceOrientations_iPad = "UIInterfaceOrientationPortrait UIInterfaceOrientationPortraitUpsideDown UIInterfaceOrientationLandscapeLeft UIInterfaceOrientationLandscapeRight";
				INFOPLIST_KEY_UISupportedInterfaceOrientations_iPhone = "UIInterfaceOrientationPortrait UIInterfaceOrientationLandscapeLeft UIInterfaceOrientationLandscapeRight";
				LD_RUNPATH_SEARCH_PATHS = (
					"$(inherited)",
					"@executable_path/Frameworks",
				);
				MARKETING_VERSION = 1.0;
				PRODUCT_BUNDLE_IDENTIFIER = co.sevenapps.Pollexa;
				PRODUCT_NAME = "$(TARGET_NAME)";
				SWIFT_EMIT_LOC_STRINGS = YES;
				SWIFT_VERSION = 5.0;
				TARGETED_DEVICE_FAMILY = "1,2";
			};
			name = Debug;
		};
		6E3A36142BF2563500ECE78C /* Release */ = {
			isa = XCBuildConfiguration;
			buildSettings = {
				ASSETCATALOG_COMPILER_APPICON_NAME = AppIcon;
				ASSETCATALOG_COMPILER_GLOBAL_ACCENT_COLOR_NAME = AccentColor;
				CODE_SIGN_STYLE = Automatic;
				CURRENT_PROJECT_VERSION = 1;
				GENERATE_INFOPLIST_FILE = YES;
				INFOPLIST_FILE = Pollexa/Resources/Info.plist;
				INFOPLIST_KEY_UIApplicationSupportsIndirectInputEvents = YES;
				INFOPLIST_KEY_UILaunchStoryboardName = LaunchScreen;
				INFOPLIST_KEY_UIMainStoryboardFile = Main;
				INFOPLIST_KEY_UISupportedInterfaceOrientations_iPad = "UIInterfaceOrientationPortrait UIInterfaceOrientationPortraitUpsideDown UIInterfaceOrientationLandscapeLeft UIInterfaceOrientationLandscapeRight";
				INFOPLIST_KEY_UISupportedInterfaceOrientations_iPhone = "UIInterfaceOrientationPortrait UIInterfaceOrientationLandscapeLeft UIInterfaceOrientationLandscapeRight";
				LD_RUNPATH_SEARCH_PATHS = (
					"$(inherited)",
					"@executable_path/Frameworks",
				);
				MARKETING_VERSION = 1.0;
				PRODUCT_BUNDLE_IDENTIFIER = co.sevenapps.Pollexa;
				PRODUCT_NAME = "$(TARGET_NAME)";
				SWIFT_EMIT_LOC_STRINGS = YES;
				SWIFT_VERSION = 5.0;
				TARGETED_DEVICE_FAMILY = "1,2";
			};
			name = Release;
		};
/* End XCBuildConfiguration section */

/* Begin XCConfigurationList section */
		6E3A35F92BF2563400ECE78C /* Build configuration list for PBXProject "Pollexa" */ = {
			isa = XCConfigurationList;
			buildConfigurations = (
				6E3A36102BF2563500ECE78C /* Debug */,
				6E3A36112BF2563500ECE78C /* Release */,
			);
			defaultConfigurationIsVisible = 0;
			defaultConfigurationName = Release;
		};
		6E3A36122BF2563500ECE78C /* Build configuration list for PBXNativeTarget "Pollexa" */ = {
			isa = XCConfigurationList;
			buildConfigurations = (
				6E3A36132BF2563500ECE78C /* Debug */,
				6E3A36142BF2563500ECE78C /* Release */,
			);
			defaultConfigurationIsVisible = 0;
			defaultConfigurationName = Release;
		};
/* End XCConfigurationList section */
	};
	rootObject = 6E3A35F62BF2563400ECE78C /* Project object */;
}
